
Microsoft Visual Studio Solution File, Format Version 12.00
# Visual Studio 15
VisualStudioVersion = 15.0.28307.271
MinimumVisualStudioVersion = 10.0.40219.1
Project("{9A19103F-16F7-4668-BE54-9A1E7A4F7556}") = "WebApi", "WebApi\WebApi.csproj", "{B743CE86-6D6E-47F4-880E-1F0746B04657}"
EndProject
Project("{9A19103F-16F7-4668-BE54-9A1E7A4F7556}") = "WebApiTests", "WebApiTests\WebApiTests.csproj", "{729778B0-1AD8-442C-8E8A-530E27B167AE}"
EndProject
Global
	GlobalSection(SolutionConfigurationPlatforms) = preSolution
		Debug|Any CPU = Debug|Any CPU
		Release|Any CPU = Release|Any CPU
	EndGlobalSection
	GlobalSection(ProjectConfigurationPlatforms) = postSolution
		{B743CE86-6D6E-47F4-880E-1F0746B04657}.Debug|Any CPU.ActiveCfg = Debug|Any CPU
		{B743CE86-6D6E-47F4-880E-1F0746B04657}.Debug|Any CPU.Build.0 = Debug|Any CPU
		{B743CE86-6D6E-47F4-880E-1F0746B04657}.Release|Any CPU.ActiveCfg = Release|Any CPU
		{B743CE86-6D6E-47F4-880E-1F0746B04657}.Release|Any CPU.Build.0 = Release|Any CPU
		{729778B0-1AD8-442C-8E8A-530E27B167AE}.Debug|Any CPU.ActiveCfg = Debug|Any CPU
		{729778B0-1AD8-442C-8E8A-530E27B167AE}.Debug|Any CPU.Build.0 = Debug|Any CPU
		{729778B0-1AD8-442C-8E8A-530E27B167AE}.Release|Any CPU.ActiveCfg = Release|Any CPU
		{729778B0-1AD8-442C-8E8A-530E27B167AE}.Release|Any CPU.Build.0 = Release|Any CPU
	EndGlobalSection
	GlobalSection(SolutionProperties) = preSolution
		HideSolutionNode = FALSE
	EndGlobalSection
	GlobalSection(ExtensibilityGlobals) = postSolution
		SolutionGuid = {6DE51CE3-CEB4-4DE3-8227-3365555BB126}
	EndGlobalSection
EndGlobal
